<?xml version="1.0" encoding="UTF-8" standalone="yes" ?>
<CodeBlocks_project_file>
	<FileVersion major="1" minor="6" />
	<Project>
		<Option title="CommonMeshRefinement" />
		<Option pch_mode="2" />
		<Option compiler="gcc" />
		<Build>
			<Target title="Debug">
				<Option output="bin/Debug/CommonMeshRefinement" prefix_auto="1" extension_auto="1" />
				<Option object_output="obj/Debug/" />
				<Option type="1" />
				<Option compiler="gcc" />
				<Compiler>
					<Add option="-g" />
					<Add directory="../AdaptiveHeatEquationSolver" />
					<Add directory="../Heat Equation solver" />
					<Add directory="../../../Downloads/boost_1_68_0 (2)/boost_1_68_0" />
					<Add directory="../SelfAdaptingHeatEquation" />
				</Compiler>
			</Target>
			<Target title="Release">
				<Option output="bin/Release/CommonMeshRefinement" prefix_auto="1" extension_auto="1" />
				<Option object_output="obj/Release/" />
				<Option type="1" />
				<Option compiler="gcc" />
				<Compiler>
					<Add option="-O2" />
				</Compiler>
				<Linker>
					<Add option="-s" />
				</Linker>
			</Target>
		</Build>
		<Compiler>
			<Add option="-Wall" />
		</Compiler>
		<Unit filename="../Heat Equation solver/MassMatrix.cpp" />
		<Unit filename="../Heat Equation solver/MassMatrix.hpp" />
		<Unit filename="../Heat Equation solver/SpaceMesh.cpp" />
		<Unit filename="../Heat Equation solver/SpaceMesh.hpp" />
		<Unit filename="../Heat Equation solver/StiffnessMatrix.cpp" />
		<Unit filename="../Heat Equation solver/StiffnessMatrix.hpp" />
		<Unit filename="../Heat Equation solver/TimeMesh.cpp" />
		<Unit filename="../Heat Equation solver/TimeMesh.hpp" />
		<Unit filename="../Heat Equation solver/TriDiagMatrix.cpp" />
		<Unit filename="../Heat Equation solver/TriDiagMatrix.hpp" />
		<Unit filename="../Heat Equation solver/heatEquation.cpp" />
		<Unit filename="../Heat Equation solver/heatEquation.hpp" />
		<Unit filename="../SelfAdaptingHeatEquation/AdaptiveHeat.cpp" />
		<Unit filename="../SelfAdaptingHeatEquation/AdaptiveHeat.hpp" />
		<Unit filename="Driver_boundaries.cpp" />
		<Extensions>
			<code_completion />
			<envvars />
			<debugger />
		</Extensions>
	</Project>
</CodeBlocks_project_file>
